
Microsoft Visual Studio Solution File, Format Version 12.00
# Visual Studio 15
VisualStudioVersion = 15.0.28307.1401
MinimumVisualStudioVersion = 10.0.40219.1
Project("{2150E333-8FDC-42A3-9474-1A3956D46DE8}") = "01 - Testes de Unidade", "01 - Testes de Unidade", "{9A493518-71DB-456D-A549-41B9D2CB1269}"
EndProject
Project("{2150E333-8FDC-42A3-9474-1A3956D46DE8}") = "1.1 - Testes Basicos", "1.1 - Testes Basicos", "{F353A00C-7880-4F83-97FB-5F7854B12E74}"
EndProject
Project("{9A19103F-16F7-4668-BE54-9A1E7A4F7556}") = "Demo", "01 - Testes de Unidade\Demo\Demo.csproj", "{CA746A60-1F4F-47E2-95B6-CC825C19E7D2}"
EndProject
Project("{9A19103F-16F7-4668-BE54-9A1E7A4F7556}") = "Demo.Tests", "01 - Testes de Unidade\Demo.Tests\Demo.Tests.csproj", "{DDF35826-4A53-42A7-9085-6F67E0340B38}"
EndProject
Project("{2150E333-8FDC-42A3-9474-1A3956D46DE8}") = "1.2 - Features", "1.2 - Features", "{5DBDB7EA-B8F7-488D-83DE-5F3EA837AEC7}"
EndProject
Project("{9A19103F-16F7-4668-BE54-9A1E7A4F7556}") = "Features", "01 - Testes de Unidade\Features\Features.csproj", "{F038C3E7-94EC-48DD-ACD8-72456DE32B6D}"
EndProject
Project("{9A19103F-16F7-4668-BE54-9A1E7A4F7556}") = "Features.Tests", "01 - Testes de Unidade\Features.Tests\Features.Tests.csproj", "{D0FB9266-2B0F-49C3-AEA1-4894AB913693}"
EndProject
Project("{2150E333-8FDC-42A3-9474-1A3956D46DE8}") = "02 - TDD", "02 - TDD", "{4BD0187C-D258-43C5-A053-C4D17766ACCA}"
EndProject
Project("{2150E333-8FDC-42A3-9474-1A3956D46DE8}") = "Tests", "Tests", "{88A55626-98E2-40BD-910A-DF5FD34E344F}"
EndProject
Project("{9A19103F-16F7-4668-BE54-9A1E7A4F7556}") = "NerdStore.Vendas.Application.Tests", "02 - TDD\tests\NerdStore.Vendas.Application.Tests\NerdStore.Vendas.Application.Tests.csproj", "{9823026B-A8CB-44F2-95C4-D556BBCDAACE}"
EndProject
Project("{9A19103F-16F7-4668-BE54-9A1E7A4F7556}") = "NerdStore.Vendas.Domain.Tests", "02 - TDD\tests\NerdStore.Vendas.Domain.Tests\NerdStore.Vendas.Domain.Tests.csproj", "{72DF6F24-69CA-4278-8A37-9F3676C25E69}"
EndProject
Project("{9A19103F-16F7-4668-BE54-9A1E7A4F7556}") = "NerdStore.Vendas.Domain", "02 - TDD\src\NerdStore.Vendas.Domain\NerdStore.Vendas.Domain.csproj", "{B1E53134-AFD0-4121-8076-5A013BAF32D2}"
EndProject
Project("{9A19103F-16F7-4668-BE54-9A1E7A4F7556}") = "NerdStore.Core", "02 - TDD\src\NerdStore.Core\NerdStore.Core.csproj", "{25E08BBE-EB9F-4210-9027-5FFB3F876C73}"
EndProject
Project("{9A19103F-16F7-4668-BE54-9A1E7A4F7556}") = "NerdStore.Vendas.Application", "02 - TDD\src\NerdStore.Vendas.Application\NerdStore.Vendas.Application.csproj", "{C33A4610-D6E9-42D6-956D-62DE1012C502}"
EndProject
Project("{9A19103F-16F7-4668-BE54-9A1E7A4F7556}") = "NerdStore.Vendas.Data", "02 - TDD\src\NerdStore.Vendas.Data\NerdStore.Vendas.Data.csproj", "{43AD33F9-CE66-441A-999E-6AFEA4DEF6B8}"
EndProject
Project("{2150E333-8FDC-42A3-9474-1A3956D46DE8}") = "03 - Testes de Integração", "03 - Testes de Integração", "{9172D32C-0164-406B-89A4-4D65C7A955B5}"
EndProject
Project("{2150E333-8FDC-42A3-9474-1A3956D46DE8}") = "Integration Tests", "Integration Tests", "{540A8289-4519-4110-B601-D0F141EE3275}"
EndProject
Project("{9A19103F-16F7-4668-BE54-9A1E7A4F7556}") = "NerdStore.WebApp.Tests", "03 - Testes de Integracao\tests\NerdStore.WebApp.Tests\NerdStore.WebApp.Tests.csproj", "{B77F9FA3-983E-42FA-82FE-FC73E7914049}"
EndProject
Project("{9A19103F-16F7-4668-BE54-9A1E7A4F7556}") = "NerdStore.Catalogo.Application", "03 - Testes de Integracao\src\NerdStore.Catalogo.Application\NerdStore.Catalogo.Application.csproj", "{07724503-748F-49AC-B0CC-475E7B66E869}"
EndProject
Project("{9A19103F-16F7-4668-BE54-9A1E7A4F7556}") = "NerdStore.Catalogo.Data", "03 - Testes de Integracao\src\NerdStore.Catalogo.Data\NerdStore.Catalogo.Data.csproj", "{0AD6F2B9-A9C3-4B57-9C1A-2D8556B7EFB6}"
EndProject
Project("{9A19103F-16F7-4668-BE54-9A1E7A4F7556}") = "NerdStore.Catalogo.Domain", "03 - Testes de Integracao\src\NerdStore.Catalogo.Domain\NerdStore.Catalogo.Domain.csproj", "{45244A6E-8F21-4813-A2AD-DDF8F60AA265}"
EndProject
Project("{9A19103F-16F7-4668-BE54-9A1E7A4F7556}") = "NerdStore.WebApp.MVC", "03 - Testes de Integracao\src\NerdStore.WebApp.MVC\NerdStore.WebApp.MVC.csproj", "{5D06D1B7-B686-4392-BDF7-08602CD85A33}"
EndProject
Project("{2150E333-8FDC-42A3-9474-1A3956D46DE8}") = "04 - BDD", "04 - BDD", "{C4DFF86F-0973-4EB5-AB01-AA735C93519E}"
EndProject
Project("{FAE04EC0-301F-11D3-BF4B-00C04F79EFBC}") = "NerdStore.BDD.Tests", "04 - BDD\tests\NerdStore.BDD.Tests\NerdStore.BDD.Tests.csproj", "{2629A51E-129A-4340-B574-E6F9BB58B35F}"
EndProject
Global
	GlobalSection(SolutionConfigurationPlatforms) = preSolution
		Debug|Any CPU = Debug|Any CPU
		Release|Any CPU = Release|Any CPU
	EndGlobalSection
	GlobalSection(ProjectConfigurationPlatforms) = postSolution
		{CA746A60-1F4F-47E2-95B6-CC825C19E7D2}.Debug|Any CPU.ActiveCfg = Debug|Any CPU
		{CA746A60-1F4F-47E2-95B6-CC825C19E7D2}.Debug|Any CPU.Build.0 = Debug|Any CPU
		{CA746A60-1F4F-47E2-95B6-CC825C19E7D2}.Release|Any CPU.ActiveCfg = Release|Any CPU
		{CA746A60-1F4F-47E2-95B6-CC825C19E7D2}.Release|Any CPU.Build.0 = Release|Any CPU
		{DDF35826-4A53-42A7-9085-6F67E0340B38}.Debug|Any CPU.ActiveCfg = Debug|Any CPU
		{DDF35826-4A53-42A7-9085-6F67E0340B38}.Debug|Any CPU.Build.0 = Debug|Any CPU
		{DDF35826-4A53-42A7-9085-6F67E0340B38}.Release|Any CPU.ActiveCfg = Release|Any CPU
		{DDF35826-4A53-42A7-9085-6F67E0340B38}.Release|Any CPU.Build.0 = Release|Any CPU
		{F038C3E7-94EC-48DD-ACD8-72456DE32B6D}.Debug|Any CPU.ActiveCfg = Debug|Any CPU
		{F038C3E7-94EC-48DD-ACD8-72456DE32B6D}.Debug|Any CPU.Build.0 = Debug|Any CPU
		{F038C3E7-94EC-48DD-ACD8-72456DE32B6D}.Release|Any CPU.ActiveCfg = Release|Any CPU
		{F038C3E7-94EC-48DD-ACD8-72456DE32B6D}.Release|Any CPU.Build.0 = Release|Any CPU
		{D0FB9266-2B0F-49C3-AEA1-4894AB913693}.Debug|Any CPU.ActiveCfg = Debug|Any CPU
		{D0FB9266-2B0F-49C3-AEA1-4894AB913693}.Debug|Any CPU.Build.0 = Debug|Any CPU
		{D0FB9266-2B0F-49C3-AEA1-4894AB913693}.Release|Any CPU.ActiveCfg = Release|Any CPU
		{D0FB9266-2B0F-49C3-AEA1-4894AB913693}.Release|Any CPU.Build.0 = Release|Any CPU
		{9823026B-A8CB-44F2-95C4-D556BBCDAACE}.Debug|Any CPU.ActiveCfg = Debug|Any CPU
		{9823026B-A8CB-44F2-95C4-D556BBCDAACE}.Debug|Any CPU.Build.0 = Debug|Any CPU
		{9823026B-A8CB-44F2-95C4-D556BBCDAACE}.Release|Any CPU.ActiveCfg = Release|Any CPU
		{9823026B-A8CB-44F2-95C4-D556BBCDAACE}.Release|Any CPU.Build.0 = Release|Any CPU
		{72DF6F24-69CA-4278-8A37-9F3676C25E69}.Debug|Any CPU.ActiveCfg = Debug|Any CPU
		{72DF6F24-69CA-4278-8A37-9F3676C25E69}.Debug|Any CPU.Build.0 = Debug|Any CPU
		{72DF6F24-69CA-4278-8A37-9F3676C25E69}.Release|Any CPU.ActiveCfg = Release|Any CPU
		{72DF6F24-69CA-4278-8A37-9F3676C25E69}.Release|Any CPU.Build.0 = Release|Any CPU
		{B1E53134-AFD0-4121-8076-5A013BAF32D2}.Debug|Any CPU.ActiveCfg = Debug|Any CPU
		{B1E53134-AFD0-4121-8076-5A013BAF32D2}.Debug|Any CPU.Build.0 = Debug|Any CPU
		{B1E53134-AFD0-4121-8076-5A013BAF32D2}.Release|Any CPU.ActiveCfg = Release|Any CPU
		{B1E53134-AFD0-4121-8076-5A013BAF32D2}.Release|Any CPU.Build.0 = Release|Any CPU
		{25E08BBE-EB9F-4210-9027-5FFB3F876C73}.Debug|Any CPU.ActiveCfg = Debug|Any CPU
		{25E08BBE-EB9F-4210-9027-5FFB3F876C73}.Debug|Any CPU.Build.0 = Debug|Any CPU
		{25E08BBE-EB9F-4210-9027-5FFB3F876C73}.Release|Any CPU.ActiveCfg = Release|Any CPU
		{25E08BBE-EB9F-4210-9027-5FFB3F876C73}.Release|Any CPU.Build.0 = Release|Any CPU
		{C33A4610-D6E9-42D6-956D-62DE1012C502}.Debug|Any CPU.ActiveCfg = Debug|Any CPU
		{C33A4610-D6E9-42D6-956D-62DE1012C502}.Debug|Any CPU.Build.0 = Debug|Any CPU
		{C33A4610-D6E9-42D6-956D-62DE1012C502}.Release|Any CPU.ActiveCfg = Release|Any CPU
		{C33A4610-D6E9-42D6-956D-62DE1012C502}.Release|Any CPU.Build.0 = Release|Any CPU
		{43AD33F9-CE66-441A-999E-6AFEA4DEF6B8}.Debug|Any CPU.ActiveCfg = Debug|Any CPU
		{43AD33F9-CE66-441A-999E-6AFEA4DEF6B8}.Debug|Any CPU.Build.0 = Debug|Any CPU
		{43AD33F9-CE66-441A-999E-6AFEA4DEF6B8}.Release|Any CPU.ActiveCfg = Release|Any CPU
		{43AD33F9-CE66-441A-999E-6AFEA4DEF6B8}.Release|Any CPU.Build.0 = Release|Any CPU
		{B77F9FA3-983E-42FA-82FE-FC73E7914049}.Debug|Any CPU.ActiveCfg = Debug|Any CPU
		{B77F9FA3-983E-42FA-82FE-FC73E7914049}.Debug|Any CPU.Build.0 = Debug|Any CPU
		{B77F9FA3-983E-42FA-82FE-FC73E7914049}.Release|Any CPU.ActiveCfg = Release|Any CPU
		{B77F9FA3-983E-42FA-82FE-FC73E7914049}.Release|Any CPU.Build.0 = Release|Any CPU
		{07724503-748F-49AC-B0CC-475E7B66E869}.Debug|Any CPU.ActiveCfg = Debug|Any CPU
		{07724503-748F-49AC-B0CC-475E7B66E869}.Debug|Any CPU.Build.0 = Debug|Any CPU
		{07724503-748F-49AC-B0CC-475E7B66E869}.Release|Any CPU.ActiveCfg = Release|Any CPU
		{07724503-748F-49AC-B0CC-475E7B66E869}.Release|Any CPU.Build.0 = Release|Any CPU
		{0AD6F2B9-A9C3-4B57-9C1A-2D8556B7EFB6}.Debug|Any CPU.ActiveCfg = Debug|Any CPU
		{0AD6F2B9-A9C3-4B57-9C1A-2D8556B7EFB6}.Debug|Any CPU.Build.0 = Debug|Any CPU
		{0AD6F2B9-A9C3-4B57-9C1A-2D8556B7EFB6}.Release|Any CPU.ActiveCfg = Release|Any CPU
		{0AD6F2B9-A9C3-4B57-9C1A-2D8556B7EFB6}.Release|Any CPU.Build.0 = Release|Any CPU
		{45244A6E-8F21-4813-A2AD-DDF8F60AA265}.Debug|Any CPU.ActiveCfg = Debug|Any CPU
		{45244A6E-8F21-4813-A2AD-DDF8F60AA265}.Debug|Any CPU.Build.0 = Debug|Any CPU
		{45244A6E-8F21-4813-A2AD-DDF8F60AA265}.Release|Any CPU.ActiveCfg = Release|Any CPU
		{45244A6E-8F21-4813-A2AD-DDF8F60AA265}.Release|Any CPU.Build.0 = Release|Any CPU
		{5D06D1B7-B686-4392-BDF7-08602CD85A33}.Debug|Any CPU.ActiveCfg = Debug|Any CPU
		{5D06D1B7-B686-4392-BDF7-08602CD85A33}.Debug|Any CPU.Build.0 = Debug|Any CPU
		{5D06D1B7-B686-4392-BDF7-08602CD85A33}.Release|Any CPU.ActiveCfg = Release|Any CPU
		{5D06D1B7-B686-4392-BDF7-08602CD85A33}.Release|Any CPU.Build.0 = Release|Any CPU
		{2629A51E-129A-4340-B574-E6F9BB58B35F}.Debug|Any CPU.ActiveCfg = Debug|Any CPU
		{2629A51E-129A-4340-B574-E6F9BB58B35F}.Debug|Any CPU.Build.0 = Debug|Any CPU
		{2629A51E-129A-4340-B574-E6F9BB58B35F}.Release|Any CPU.ActiveCfg = Release|Any CPU
		{2629A51E-129A-4340-B574-E6F9BB58B35F}.Release|Any CPU.Build.0 = Release|Any CPU
	EndGlobalSection
	GlobalSection(SolutionProperties) = preSolution
		HideSolutionNode = FALSE
	EndGlobalSection
	GlobalSection(NestedProjects) = preSolution
		{F353A00C-7880-4F83-97FB-5F7854B12E74} = {9A493518-71DB-456D-A549-41B9D2CB1269}
		{CA746A60-1F4F-47E2-95B6-CC825C19E7D2} = {F353A00C-7880-4F83-97FB-5F7854B12E74}
		{DDF35826-4A53-42A7-9085-6F67E0340B38} = {F353A00C-7880-4F83-97FB-5F7854B12E74}
		{5DBDB7EA-B8F7-488D-83DE-5F3EA837AEC7} = {9A493518-71DB-456D-A549-41B9D2CB1269}
		{F038C3E7-94EC-48DD-ACD8-72456DE32B6D} = {5DBDB7EA-B8F7-488D-83DE-5F3EA837AEC7}
		{D0FB9266-2B0F-49C3-AEA1-4894AB913693} = {5DBDB7EA-B8F7-488D-83DE-5F3EA837AEC7}
		{88A55626-98E2-40BD-910A-DF5FD34E344F} = {4BD0187C-D258-43C5-A053-C4D17766ACCA}
		{9823026B-A8CB-44F2-95C4-D556BBCDAACE} = {88A55626-98E2-40BD-910A-DF5FD34E344F}
		{72DF6F24-69CA-4278-8A37-9F3676C25E69} = {88A55626-98E2-40BD-910A-DF5FD34E344F}
		{B1E53134-AFD0-4121-8076-5A013BAF32D2} = {4BD0187C-D258-43C5-A053-C4D17766ACCA}
		{25E08BBE-EB9F-4210-9027-5FFB3F876C73} = {4BD0187C-D258-43C5-A053-C4D17766ACCA}
		{C33A4610-D6E9-42D6-956D-62DE1012C502} = {4BD0187C-D258-43C5-A053-C4D17766ACCA}
		{43AD33F9-CE66-441A-999E-6AFEA4DEF6B8} = {4BD0187C-D258-43C5-A053-C4D17766ACCA}
		{540A8289-4519-4110-B601-D0F141EE3275} = {9172D32C-0164-406B-89A4-4D65C7A955B5}
		{B77F9FA3-983E-42FA-82FE-FC73E7914049} = {540A8289-4519-4110-B601-D0F141EE3275}
		{07724503-748F-49AC-B0CC-475E7B66E869} = {9172D32C-0164-406B-89A4-4D65C7A955B5}
		{0AD6F2B9-A9C3-4B57-9C1A-2D8556B7EFB6} = {9172D32C-0164-406B-89A4-4D65C7A955B5}
		{45244A6E-8F21-4813-A2AD-DDF8F60AA265} = {9172D32C-0164-406B-89A4-4D65C7A955B5}
		{5D06D1B7-B686-4392-BDF7-08602CD85A33} = {9172D32C-0164-406B-89A4-4D65C7A955B5}
		{2629A51E-129A-4340-B574-E6F9BB58B35F} = {C4DFF86F-0973-4EB5-AB01-AA735C93519E}
	EndGlobalSection
	GlobalSection(ExtensibilityGlobals) = postSolution
		SolutionGuid = {B1C7CC52-A91B-4570-AEFF-A596B2737FAA}
	EndGlobalSection
EndGlobal
